// !$*UTF8*$!
{
	archiveVersion = 1;
	classes = {
	};
	objectVersion = 46;
	objects = {

/* Begin PBXBuildFile section */
		12E6A9FF1CC9CD9200DB38AA /* main.m in Sources */ = {isa = PBXBuildFile; fileRef = 12E6A9FE1CC9CD9200DB38AA /* main.m */; };
		12E6AA021CC9CD9200DB38AA /* AppDelegate.m in Sources */ = {isa = PBXBuildFile; fileRef = 12E6AA011CC9CD9200DB38AA /* AppDelegate.m */; };
		12E6AA051CC9CD9200DB38AA /* ViewController.m in Sources */ = {isa = PBXBuildFile; fileRef = 12E6AA041CC9CD9200DB38AA /* ViewController.m */; };
		12E6AA081CC9CD9200DB38AA /* Main.storyboard in Resources */ = {isa = PBXBuildFile; fileRef = 12E6AA061CC9CD9200DB38AA /* Main.storyboard */; };
		12E6AA0A1CC9CD9200DB38AA /* Assets.xcassets in Resources */ = {isa = PBXBuildFile; fileRef = 12E6AA091CC9CD9200DB38AA /* Assets.xcassets */; };
		12E6AA0D1CC9CD9200DB38AA /* LaunchScreen.storyboard in Resources */ = {isa = PBXBuildFile; fileRef = 12E6AA0B1CC9CD9200DB38AA /* LaunchScreen.storyboard */; };
		12E6AA181CC9CD9200DB38AA /* CirStatisticalFigureTests.m in Sources */ = {isa = PBXBuildFile; fileRef = 12E6AA171CC9CD9200DB38AA /* CirStatisticalFigureTests.m */; };
		12E6AA231CC9CD9200DB38AA /* CirStatisticalFigureUITests.m in Sources */ = {isa = PBXBuildFile; fileRef = 12E6AA221CC9CD9200DB38AA /* CirStatisticalFigureUITests.m */; };
		12E6AA321CC9CDFE00DB38AA /* KKCirStatisticalFigureView.m in Sources */ = {isa = PBXBuildFile; fileRef = 12E6AA311CC9CDFE00DB38AA /* KKCirStatisticalFigureView.m */; };
		12E6AA351CC9CEB100DB38AA /* NSTimer+KKTools.m in Sources */ = {isa = PBXBuildFile; fileRef = 12E6AA341CC9CEB100DB38AA /* NSTimer+KKTools.m */; };
/* End PBXBuildFile section */

/* Begin PBXContainerItemProxy section */
		12E6AA141CC9CD9200DB38AA /* PBXContainerItemProxy */ = {
			isa = PBXContainerItemProxy;
			containerPortal = 12E6A9F21CC9CD9200DB38AA /* Project object */;
			proxyType = 1;
			remoteGlobalIDString = 12E6A9F91CC9CD9200DB38AA;
			remoteInfo = CirStatisticalFigure;
		};
		12E6AA1F1CC9CD9200DB38AA /* PBXContainerItemProxy */ = {
			isa = PBXContainerItemProxy;
			containerPortal = 12E6A9F21CC9CD9200DB38AA /* Project object */;
			proxyType = 1;
			remoteGlobalIDString = 12E6A9F91CC9CD9200DB38AA;
			remoteInfo = CirStatisticalFigure;
		};
/* End PBXContainerItemProxy section */

/* Begin PBXFileReference section */
		12E6A9FA1CC9CD9200DB38AA /* CirStatisticalFigure.app */ = {isa = PBXFileReference; explicitFileType = wrapper.application; includeInIndex = 0; path = CirStatisticalFigure.app; sourceTree = BUILT_PRODUCTS_DIR; };
		12E6A9FE1CC9CD9200DB38AA /* main.m */ = {isa = PBXFileReference; lastKnownFileType = sourcecode.c.objc; path = main.m; sourceTree = "<group>"; };
		12E6AA001CC9CD9200DB38AA /* AppDelegate.h */ = {isa = PBXFileReference; lastKnownFileType = sourcecode.c.h; path = AppDelegate.h; sourceTree = "<group>"; };
		12E6AA011CC9CD9200DB38AA /* AppDelegate.m */ = {isa = PBXFileReference; lastKnownFileType = sourcecode.c.objc; path = AppDelegate.m; sourceTree = "<group>"; };
		12E6AA031CC9CD9200DB38AA /* ViewController.h */ = {isa = PBXFileReference; lastKnownFileType = sourcecode.c.h; path = ViewController.h; sourceTree = "<group>"; };
		12E6AA041CC9CD9200DB38AA /* ViewController.m */ = {isa = PBXFileReference; lastKnownFileType = sourcecode.c.objc; path = ViewController.m; sourceTree = "<group>"; };
		12E6AA071CC9CD9200DB38AA /* Base */ = {isa = PBXFileReference; lastKnownFileType = file.storyboard; name = Base; path = Base.lproj/Main.storyboard; sourceTree = "<group>"; };
		12E6AA091CC9CD9200DB38AA /* Assets.xcassets */ = {isa = PBXFileReference; lastKnownFileType = folder.assetcatalog; path = Assets.xcassets; sourceTree = "<group>"; };
		12E6AA0C1CC9CD9200DB38AA /* Base */ = {isa = PBXFileReference; lastKnownFileType = file.storyboard; name = Base; path = Base.lproj/LaunchScreen.storyboard; sourceTree = "<group>"; };
		12E6AA0E1CC9CD9200DB38AA /* Info.plist */ = {isa = PBXFileReference; lastKnownFileType = text.plist.xml; path = Info.plist; sourceTree = "<group>"; };
		12E6AA131CC9CD9200DB38AA /* CirStatisticalFigureTests.xctest */ = {isa = PBXFileReference; explicitFileType = wrapper.cfbundle; includeInIndex = 0; path = CirStatisticalFigureTests.xctest; sourceTree = BUILT_PRODUCTS_DIR; };
		12E6AA171CC9CD9200DB38AA /* CirStatisticalFigureTests.m */ = {isa = PBXFileReference; lastKnownFileType = sourcecode.c.objc; path = CirStatisticalFigureTests.m; sourceTree = "<group>"; };
		12E6AA191CC9CD9200DB38AA /* Info.plist */ = {isa = PBXFileReference; lastKnownFileType = text.plist.xml; path = Info.plist; sourceTree = "<group>"; };
		12E6AA1E1CC9CD9200DB38AA /* CirStatisticalFigureUITests.xctest */ = {isa = PBXFileReference; explicitFileType = wrapper.cfbundle; includeInIndex = 0; path = CirStatisticalFigureUITests.xctest; sourceTree = BUILT_PRODUCTS_DIR; };
		12E6AA221CC9CD9200DB38AA /* CirStatisticalFigureUITests.m */ = {isa = PBXFileReference; lastKnownFileType = sourcecode.c.objc; path = CirStatisticalFigureUITests.m; sourceTree = "<group>"; };
		12E6AA241CC9CD9200DB38AA /* Info.plist */ = {isa = PBXFileReference; lastKnownFileType = text.plist.xml; path = Info.plist; sourceTree = "<group>"; };
		12E6AA301CC9CDFE00DB38AA /* KKCirStatisticalFigureView.h */ = {isa = PBXFileReference; fileEncoding = 4; lastKnownFileType = sourcecode.c.h; path = KKCirStatisticalFigureView.h; sourceTree = "<group>"; };
		12E6AA311CC9CDFE00DB38AA /* KKCirStatisticalFigureView.m */ = {isa = PBXFileReference; fileEncoding = 4; lastKnownFileType = sourcecode.c.objc; path = KKCirStatisticalFigureView.m; sourceTree = "<group>"; };
		12E6AA331CC9CEB100DB38AA /* NSTimer+KKTools.h */ = {isa = PBXFileReference; fileEncoding = 4; lastKnownFileType = sourcecode.c.h; path = "NSTimer+KKTools.h"; sourceTree = "<group>"; };
		12E6AA341CC9CEB100DB38AA /* NSTimer+KKTools.m */ = {isa = PBXFileReference; fileEncoding = 4; lastKnownFileType = sourcecode.c.objc; path = "NSTimer+KKTools.m"; sourceTree = "<group>"; };
/* End PBXFileReference section */

/* Begin PBXFrameworksBuildPhase section */
		12E6A9F71CC9CD9200DB38AA /* Frameworks */ = {
			isa = PBXFrameworksBuildPhase;
			buildActionMask = 2147483647;
			files = (
			);
			runOnlyForDeploymentPostprocessing = 0;
		};
		12E6AA101CC9CD9200DB38AA /* Frameworks */ = {
			isa = PBXFrameworksBuildPhase;
			buildActionMask = 2147483647;
			files = (
			);
			runOnlyForDeploymentPostprocessing = 0;
		};
		12E6AA1B1CC9CD9200DB38AA /* Frameworks */ = {
			isa = PBXFrameworksBuildPhase;
			buildActionMask = 2147483647;
			files = (
			);
			runOnlyForDeploymentPostprocessing = 0;
		};
/* End PBXFrameworksBuildPhase section */

/* Begin PBXGroup section */
		12E6A9F11CC9CD9200DB38AA = {
			isa = PBXGroup;
			children = (
				12E6A9FC1CC9CD9200DB38AA /* CirStatisticalFigure */,
				12E6AA161CC9CD9200DB38AA /* CirStatisticalFigureTests */,
				12E6AA211CC9CD9200DB38AA /* CirStatisticalFigureUITests */,
				12E6A9FB1CC9CD9200DB38AA /* Products */,
			);
			sourceTree = "<group>";
		};
		12E6A9FB1CC9CD9200DB38AA /* Products */ = {
			isa = PBXGroup;
			children = (
				12E6A9FA1CC9CD9200DB38AA /* CirStatisticalFigure.app */,
				12E6AA131CC9CD9200DB38AA /* CirStatisticalFigureTests.xctest */,
				12E6AA1E1CC9CD9200DB38AA /* CirStatisticalFigureUITests.xctest */,
			);
			name = Products;
			sourceTree = "<group>";
		};
		12E6A9FC1CC9CD9200DB38AA /* CirStatisticalFigure */ = {
			isa = PBXGroup;
			children = (
				12E6AA301CC9CDFE00DB38AA /* KKCirStatisticalFigureView.h */,
				12E6AA311CC9CDFE00DB38AA /* KKCirStatisticalFigureView.m */,
				12E6AA331CC9CEB100DB38AA /* NSTimer+KKTools.h */,
				12E6AA341CC9CEB100DB38AA /* NSTimer+KKTools.m */,
				12E6AA031CC9CD9200DB38AA /* ViewController.h */,
				12E6AA041CC9CD9200DB38AA /* ViewController.m */,
				12E6AA061CC9CD9200DB38AA /* Main.storyboard */,
				12E6AA001CC9CD9200DB38AA /* AppDelegate.h */,
				12E6AA011CC9CD9200DB38AA /* AppDelegate.m */,
				12E6AA091CC9CD9200DB38AA /* Assets.xcassets */,
				12E6AA0B1CC9CD9200DB38AA /* LaunchScreen.storyboard */,
				12E6AA0E1CC9CD9200DB38AA /* Info.plist */,
				12E6A9FD1CC9CD9200DB38AA /* Supporting Files */,
			);
			path = CirStatisticalFigure;
			sourceTree = "<group>";
		};
		12E6A9FD1CC9CD9200DB38AA /* Supporting Files */ = {
			isa = PBXGroup;
			children = (
				12E6A9FE1CC9CD9200DB38AA /* main.m */,
			);
			name = "Supporting Files";
			sourceTree = "<group>";
		};
		12E6AA161CC9CD9200DB38AA /* CirStatisticalFigureTests */ = {
			isa = PBXGroup;
			children = (
				12E6AA171CC9CD9200DB38AA /* CirStatisticalFigureTests.m */,
				12E6AA191CC9CD9200DB38AA /* Info.plist */,
			);
			path = CirStatisticalFigureTests;
			sourceTree = "<group>";
		};
		12E6AA211CC9CD9200DB38AA /* CirStatisticalFigureUITests */ = {
			isa = PBXGroup;
			children = (
				12E6AA221CC9CD9200DB38AA /* CirStatisticalFigureUITests.m */,
				12E6AA241CC9CD9200DB38AA /* Info.plist */,
			);
			path = CirStatisticalFigureUITests;
			sourceTree = "<group>";
		};
/* End PBXGroup section */

/* Begin PBXNativeTarget section */
		12E6A9F91CC9CD9200DB38AA /* CirStatisticalFigure */ = {
			isa = PBXNativeTarget;
			buildConfigurationList = 12E6AA271CC9CD9200DB38AA /* Build configuration list for PBXNativeTarget "CirStatisticalFigure" */;
			buildPhases = (
				12E6A9F61CC9CD9200DB38AA /* Sources */,
				12E6A9F71CC9CD9200DB38AA /* Frameworks */,
				12E6A9F81CC9CD9200DB38AA /* Resources */,
			);
			buildRules = (
			);
			dependencies = (
			);
			name = CirStatisticalFigure;
			productName = CirStatisticalFigure;
			productReference = 12E6A9FA1CC9CD9200DB38AA /* CirStatisticalFigure.app */;
			productType = "com.apple.product-type.application";
		};
		12E6AA121CC9CD9200DB38AA /* CirStatisticalFigureTests */ = {
			isa = PBXNativeTarget;
			buildConfigurationList = 12E6AA2A1CC9CD9200DB38AA /* Build configuration list for PBXNativeTarget "CirStatisticalFigureTests" */;
			buildPhases = (
				12E6AA0F1CC9CD9200DB38AA /* Sources */,
				12E6AA101CC9CD9200DB38AA /* Frameworks */,
				12E6AA111CC9CD9200DB38AA /* Resources */,
			);
			buildRules = (
			);
			dependencies = (
				12E6AA151CC9CD9200DB38AA /* PBXTargetDependency */,
			);
			name = CirStatisticalFigureTests;
			productName = CirStatisticalFigureTests;
			productReference = 12E6AA131CC9CD9200DB38AA /* CirStatisticalFigureTests.xctest */;
			productType = "com.apple.product-type.bundle.unit-test";
		};
		12E6AA1D1CC9CD9200DB38AA /* CirStatisticalFigureUITests */ = {
			isa = PBXNativeTarget;
			buildConfigurationList = 12E6AA2D1CC9CD9200DB38AA /* Build configuration list for PBXNativeTarget "CirStatisticalFigureUITests" */;
			buildPhases = (
				12E6AA1A1CC9CD9200DB38AA /* Sources */,
				12E6AA1B1CC9CD9200DB38AA /* Frameworks */,
				12E6AA1C1CC9CD9200DB38AA /* Resources */,
			);
			buildRules = (
			);
			dependencies = (
				12E6AA201CC9CD9200DB38AA /* PBXTargetDependency */,
			);
			name = CirStatisticalFigureUITests;
			productName = CirStatisticalFigureUITests;
			productReference = 12E6AA1E1CC9CD9200DB38AA /* CirStatisticalFigureUITests.xctest */;
			productType = "com.apple.product-type.bundle.ui-testing";
		};
/* End PBXNativeTarget section */

/* Begin PBXProject section */
		12E6A9F21CC9CD9200DB38AA /* Project object */ = {
			isa = PBXProject;
			attributes = {
				LastUpgradeCheck = 0730;
				ORGANIZATIONNAME = kukela;
				TargetAttributes = {
					12E6A9F91CC9CD9200DB38AA = {
						CreatedOnToolsVersion = 7.3;
					};
					12E6AA121CC9CD9200DB38AA = {
						CreatedOnToolsVersion = 7.3;
						TestTargetID = 12E6A9F91CC9CD9200DB38AA;
					};
					12E6AA1D1CC9CD9200DB38AA = {
						CreatedOnToolsVersion = 7.3;
						TestTargetID = 12E6A9F91CC9CD9200DB38AA;
					};
				};
			};
			buildConfigurationList = 12E6A9F51CC9CD9200DB38AA /* Build configuration list for PBXProject "CirStatisticalFigure" */;
			compatibilityVersion = "Xcode 3.2";
			developmentRegion = English;
			hasScannedForEncodings = 0;
			knownRegions = (
				en,
				Base,
			);
			mainGroup = 12E6A9F11CC9CD9200DB38AA;
			productRefGroup = 12E6A9FB1CC9CD9200DB38AA /* Products */;
			projectDirPath = "";
			projectRoot = "";
			targets = (
				12E6A9F91CC9CD9200DB38AA /* CirStatisticalFigure */,
				12E6AA121CC9CD9200DB38AA /* CirStatisticalFigureTests */,
				12E6AA1D1CC9CD9200DB38AA /* CirStatisticalFigureUITests */,
			);
		};
/* End PBXProject section */

/* Begin PBXResourcesBuildPhase section */
		12E6A9F81CC9CD9200DB38AA /* Resources */ = {
			isa = PBXResourcesBuildPhase;
			buildActionMask = 2147483647;
			files = (
				12E6AA0D1CC9CD9200DB38AA /* LaunchScreen.storyboard in Resources */,
				12E6AA0A1CC9CD9200DB38AA /* Assets.xcassets in Resources */,
				12E6AA081CC9CD9200DB38AA /* Main.storyboard in Resources */,
			);
			runOnlyForDeploymentPostprocessing = 0;
		};
		12E6AA111CC9CD9200DB38AA /* Resources */ = {
			isa = PBXResourcesBuildPhase;
			buildActionMask = 2147483647;
			files = (
			);
			runOnlyForDeploymentPostprocessing = 0;
		};
		12E6AA1C1CC9CD9200DB38AA /* Resources */ = {
			isa = PBXResourcesBuildPhase;
			buildActionMask = 2147483647;
			files = (
			);
			runOnlyForDeploymentPostprocessing = 0;
		};
/* End PBXResourcesBuildPhase section */

/* Begin PBXSourcesBuildPhase section */
		12E6A9F61CC9CD9200DB38AA /* Sources */ = {
			isa = PBXSourcesBuildPhase;
			buildActionMask = 2147483647;
			files = (
				12E6AA051CC9CD9200DB38AA /* ViewController.m in Sources */,
				12E6AA351CC9CEB100DB38AA /* NSTimer+KKTools.m in Sources */,
				12E6AA321CC9CDFE00DB38AA /* KKCirStatisticalFigureView.m in Sources */,
				12E6AA021CC9CD9200DB38AA /* AppDelegate.m in Sources */,
				12E6A9FF1CC9CD9200DB38AA /* main.m in Sources */,
			);
			runOnlyForDeploymentPostprocessing = 0;
		};
		12E6AA0F1CC9CD9200DB38AA /* Sources */ = {
			isa = PBXSourcesBuildPhase;
			buildActionMask = 2147483647;
			files = (
				12E6AA181CC9CD9200DB38AA /* CirStatisticalFigureTests.m in Sources */,
			);
			runOnlyForDeploymentPostprocessing = 0;
		};
		12E6AA1A1CC9CD9200DB38AA /* Sources */ = {
			isa = PBXSourcesBuildPhase;
			buildActionMask = 2147483647;
			files = (
				12E6AA231CC9CD9200DB38AA /* CirStatisticalFigureUITests.m in Sources */,
			);
			runOnlyForDeploymentPostprocessing = 0;
		};
/* End PBXSourcesBuildPhase section */

/* Begin PBXTargetDependency section */
		12E6AA151CC9CD9200DB38AA /* PBXTargetDependency */ = {
			isa = PBXTargetDependency;
			target = 12E6A9F91CC9CD9200DB38AA /* CirStatisticalFigure */;
			targetProxy = 12E6AA141CC9CD9200DB38AA /* PBXContainerItemProxy */;
		};
		12E6AA201CC9CD9200DB38AA /* PBXTargetDependency */ = {
			isa = PBXTargetDependency;
			target = 12E6A9F91CC9CD9200DB38AA /* CirStatisticalFigure */;
			targetProxy = 12E6AA1F1CC9CD9200DB38AA /* PBXContainerItemProxy */;
		};
/* End PBXTargetDependency section */

/* Begin PBXVariantGroup section */
		12E6AA061CC9CD9200DB38AA /* Main.storyboard */ = {
			isa = PBXVariantGroup;
			children = (
				12E6AA071CC9CD9200DB38AA /* Base */,
			);
			name = Main.storyboard;
			sourceTree = "<group>";
		};
		12E6AA0B1CC9CD9200DB38AA /* LaunchScreen.storyboard */ = {
			isa = PBXVariantGroup;
			children = (
				12E6AA0C1CC9CD9200DB38AA /* Base */,
			);
			name = LaunchScreen.storyboard;
			sourceTree = "<group>";
		};
/* End PBXVariantGroup section */

/* Begin XCBuildConfiguration section */
		12E6AA251CC9CD9200DB38AA /* Debug */ = {
			isa = XCBuildConfiguration;
			buildSettings = {
				ALWAYS_SEARCH_USER_PATHS = NO;
				CLANG_ANALYZER_NONNULL = YES;
				CLANG_CXX_LANGUAGE_STANDARD = "gnu++0x";
				CLANG_CXX_LIBRARY = "libc++";
				CLANG_ENABLE_MODULES = YES;
				CLANG_ENABLE_OBJC_ARC = YES;
				CLANG_WARN_BOOL_CONVERSION = YES;
				CLANG_WARN_CONSTANT_CONVERSION = YES;
				CLANG_WARN_DIRECT_OBJC_ISA_USAGE = YES_ERROR;
				CLANG_WARN_EMPTY_BODY = YES;
				CLANG_WARN_ENUM_CONVERSION = YES;
				CLANG_WARN_INT_CONVERSION = YES;
				CLANG_WARN_OBJC_ROOT_CLASS = YES_ERROR;
				CLANG_WARN_UNREACHABLE_CODE = YES;
				CLANG_WARN__DUPLICATE_METHOD_MATCH = YES;
				"CODE_SIGN_IDENTITY[sdk=iphoneos*]" = "iPhone Developer";
				COPY_PHASE_STRIP = NO;
				DEBUG_INFORMATION_FORMAT = dwarf;
				ENABLE_STRICT_OBJC_MSGSEND = YES;
				ENABLE_TESTABILITY = YES;
				GCC_C_LANGUAGE_STANDARD = gnu99;
				GCC_DYNAMIC_NO_PIC = NO;
				GCC_NO_COMMON_BLOCKS = YES;
				GCC_OPTIMIZATION_LEVEL = 0;
				GCC_PREPROCESSOR_DEFINITIONS = (
					"DEBUG=1",
					"$(inherited)",
				);
				GCC_WARN_64_TO_32_BIT_CONVERSION = YES;
				GCC_WARN_ABOUT_RETURN_TYPE = YES_ERROR;
				GCC_WARN_UNDECLARED_SELECTOR = YES;
				GCC_WARN_UNINITIALIZED_AUTOS = YES_AGGRESSIVE;
				GCC_WARN_UNUSED_FUNCTION = YES;
				GCC_WARN_UNUSED_VARIABLE = YES;
				IPHONEOS_DEPLOYMENT_TARGET = 9.3;
				MTL_ENABLE_DEBUG_INFO = YES;
				ONLY_ACTIVE_ARCH = YES;
				SDKROOT = iphoneos;
			};
			name = Debug;
		};
		12E6AA261CC9CD9200DB38AA /* Release */ = {
			isa = XCBuildConfiguration;
			buildSettings = {
				ALWAYS_SEARCH_USER_PATHS = NO;
				CLANG_ANALYZER_NONNULL = YES;
				CLANG_CXX_LANGUAGE_STANDARD = "gnu++0x";
				CLANG_CXX_LIBRARY = "libc++";
				CLANG_ENABLE_MODULES = YES;
				CLANG_ENABLE_OBJC_ARC = YES;
				CLANG_WARN_BOOL_CONVERSION = YES;
				CLANG_WARN_CONSTANT_CONVERSION = YES;
				CLANG_WARN_DIRECT_OBJC_ISA_USAGE = YES_ERROR;
				CLANG_WARN_EMPTY_BODY = YES;
				CLANG_WARN_ENUM_CONVERSION = YES;
				CLANG_WARN_INT_CONVERSION = YES;
				CLANG_WARN_OBJC_ROOT_CLASS = YES_ERROR;
				CLANG_WARN_UNREACHABLE_CODE = YES;
				CLANG_WARN__DUPLICATE_METHOD_MATCH = YES;
				"CODE_SIGN_IDENTITY[sdk=iphoneos*]" = "iPhone Developer";
				COPY_PHASE_STRIP = NO;
				DEBUG_INFORMATION_FORMAT = "dwarf-with-dsym";
				ENABLE_NS_ASSERTIONS = NO;
				ENABLE_STRICT_OBJC_MSGSEND = YES;
				GCC_C_LANGUAGE_STANDARD = gnu99;
				GCC_NO_COMMON_BLOCKS = YES;
				GCC_WARN_64_TO_32_BIT_CONVERSION = YES;
				GCC_WARN_ABOUT_RETURN_TYPE = YES_ERROR;
				GCC_WARN_UNDECLARED_SELECTOR = YES;
				GCC_WARN_UNINITIALIZED_AUTOS = YES_AGGRESSIVE;
				GCC_WARN_UNUSED_FUNCTION = YES;
				GCC_WARN_UNUSED_VARIABLE = YES;
				IPHONEOS_DEPLOYMENT_TARGET = 9.3;
				MTL_ENABLE_DEBUG_INFO = NO;
				SDKROOT = iphoneos;
				VALIDATE_PRODUCT = YES;
			};
			name = Release;
		};
		12E6AA281CC9CD9200DB38AA /* Debug */ = {
			isa = XCBuildConfiguration;
			buildSettings = {
				ASSETCATALOG_COMPILER_APPICON_NAME = AppIcon;
				INFOPLIST_FILE = CirStatisticalFigure/Info.plist;
				IPHONEOS_DEPLOYMENT_TARGET = 8.0;
				LD_RUNPATH_SEARCH_PATHS = "$(inherited) @executable_path/Frameworks";
				PRODUCT_BUNDLE_IDENTIFIER = org.qiqian.CirStatisticalFigure;
				PRODUCT_NAME = "$(TARGET_NAME)";
			};
			name = Debug;
		};
		12E6AA291CC9CD9200DB38AA /* Release */ = {
			isa = XCBuildConfiguration;
			buildSettings = {
				ASSETCATALOG_COMPILER_APPICON_NAME = AppIcon;
				INFOPLIST_FILE = CirStatisticalFigure/Info.plist;
				IPHONEOS_DEPLOYMENT_TARGET = 8.0;
				LD_RUNPATH_SEARCH_PATHS = "$(inherited) @executable_path/Frameworks";
				PRODUCT_BUNDLE_IDENTIFIER = org.qiqian.CirStatisticalFigure;
				PRODUCT_NAME = "$(TARGET_NAME)";
			};
			name = Release;
		};
		12E6AA2B1CC9CD9200DB38AA /* Debug */ = {
			isa = XCBuildConfiguration;
			buildSettings = {
				BUNDLE_LOADER = "$(TEST_HOST)";
				INFOPLIST_FILE = CirStatisticalFigureTests/Info.plist;
				LD_RUNPATH_SEARCH_PATHS = "$(inherited) @executable_path/Frameworks @loader_path/Frameworks";
				PRODUCT_BUNDLE_IDENTIFIER = org.qiqian.CirStatisticalFigureTests;
				PRODUCT_NAME = "$(TARGET_NAME)";
				TEST_HOST = "$(BUILT_PRODUCTS_DIR)/CirStatisticalFigure.app/CirStatisticalFigure";
			};
			name = Debug;
		};
		12E6AA2C1CC9CD9200DB38AA /* Release */ = {
			isa = XCBuildConfiguration;
			buildSettings = {
				BUNDLE_LOADER = "$(TEST_HOST)";
				INFOPLIST_FILE = CirStatisticalFigureTests/Info.plist;
				LD_RUNPATH_SEARCH_PATHS = "$(inherited) @executable_path/Frameworks @loader_path/Frameworks";
				PRODUCT_BUNDLE_IDENTIFIER = org.qiqian.CirStatisticalFigureTests;
				PRODUCT_NAME = "$(TARGET_NAME)";
				TEST_HOST = "$(BUILT_PRODUCTS_DIR)/CirStatisticalFigure.app/CirStatisticalFigure";
			};
			name = Release;
		};
		12E6AA2E1CC9CD9200DB38AA /* Debug */ = {
			isa = XCBuildConfiguration;
			buildSettings = {
				INFOPLIST_FILE = CirStatisticalFigureUITests/Info.plist;
				LD_RUNPATH_SEARCH_PATHS = "$(inherited) @executable_path/Frameworks @loader_path/Frameworks";
				PRODUCT_BUNDLE_IDENTIFIER = org.qiqian.CirStatisticalFigureUITests;
				PRODUCT_NAME = "$(TARGET_NAME)";
				TEST_TARGET_NAME = CirStatisticalFigure;
			};
			name = Debug;
		};
		12E6AA2F1CC9CD9200DB38AA /* Release */ = {
			isa = XCBuildConfiguration;
			buildSettings = {
				INFOPLIST_FILE = CirStatisticalFigureUITests/Info.plist;
				LD_RUNPATH_SEARCH_PATHS = "$(inherited) @executable_path/Frameworks @loader_path/Frameworks";
				PRODUCT_BUNDLE_IDENTIFIER = org.qiqian.CirStatisticalFigureUITests;
				PRODUCT_NAME = "$(TARGET_NAME)";
				TEST_TARGET_NAME = CirStatisticalFigure;
			};
			name = Release;
		};
/* End XCBuildConfiguration section */

/* Begin XCConfigurationList section */
		12E6A9F51CC9CD9200DB38AA /* Build configuration list for PBXProject "CirStatisticalFigure" */ = {
			isa = XCConfigurationList;
			buildConfigurations = (
				12E6AA251CC9CD9200DB38AA /* Debug */,
				12E6AA261CC9CD9200DB38AA /* Release */,
			);
			defaultConfigurationIsVisible = 0;
			defaultConfigurationName = Release;
		};
		12E6AA271CC9CD9200DB38AA /* Build configuration list for PBXNativeTarget "CirStatisticalFigure" */ = {
			isa = XCConfigurationList;
			buildConfigurations = (
				12E6AA281CC9CD9200DB38AA /* Debug */,
				12E6AA291CC9CD9200DB38AA /* Release */,
			);
			defaultConfigurationIsVisible = 0;
			defaultConfigurationName = Release;
		};
		12E6AA2A1CC9CD9200DB38AA /* Build configuration list for PBXNativeTarget "CirStatisticalFigureTests" */ = {
			isa = XCConfigurationList;
			buildConfigurations = (
				12E6AA2B1CC9CD9200DB38AA /* Debug */,
				12E6AA2C1CC9CD9200DB38AA /* Release */,
			);
			defaultConfigurationIsVisible = 0;
			defaultConfigurationName = Release;
		};
		12E6AA2D1CC9CD9200DB38AA /* Build configuration list for PBXNativeTarget "CirStatisticalFigureUITests" */ = {
			isa = XCConfigurationList;
			buildConfigurations = (
				12E6AA2E1CC9CD9200DB38AA /* Debug */,
				12E6AA2F1CC9CD9200DB38AA /* Release */,
			);
			defaultConfigurationIsVisible = 0;
			defaultConfigurationName = Release;
		};
/* End XCConfigurationList section */
	};
	rootObject = 12E6A9F21CC9CD9200DB38AA /* Project object */;
}
